
Microsoft Visual Studio Solution File, Format Version 12.00
# Visual Studio Version 17
VisualStudioVersion = 17.14.36804.6 d17.14
MinimumVisualStudioVersion = 10.0.40219.1
Project("{2150E333-8FDC-42A3-9474-1A3956D46DE8}") = "Banco", "Banco", "{02EA681E-C7D8-13C7-8484-4AC65E1B71E8}"
EndProject
Project("{2150E333-8FDC-42A3-9474-1A3956D46DE8}") = "Armazenamento de Dados", "Armazenamento de Dados", "{00F12210-D19A-417B-A37A-FC22BBAAABFA}"
EndProject
Project("{2150E333-8FDC-42A3-9474-1A3956D46DE8}") = "Telas", "Telas", "{AF69D353-78ED-434F-845E-09F183FD55FC}"
EndProject
Project("{FAE04EC0-301F-11D3-BF4B-00C04F79EFBC}") = "CalendarioInstitucional.Model", "CalendarioInstitucional.Model\CalendarioInstitucional.Model.csproj", "{402808C5-8B7B-4508-9088-FCAEEE5B046C}"
EndProject
Project("{FAE04EC0-301F-11D3-BF4B-00C04F79EFBC}") = "CalendarioInstitucional.Data", "CalendarioInstitucional.Data\CalendarioInstitucional.Data.csproj", "{F7C783E6-CC40-4D22-968F-6FC0FA0F6C94}"
EndProject
Project("{FAE04EC0-301F-11D3-BF4B-00C04F79EFBC}") = "CalendarioInstitucional.Repository", "CalendarioInstitucional.Repository\CalendarioInstitucional.Repository.csproj", "{D727B170-CB0B-4785-973B-80D6DDD97C48}"
EndProject
Project("{FAE04EC0-301F-11D3-BF4B-00C04F79EFBC}") = "CalendarioInstitucional.UI.Web", "CalendarioInstitucional.UI.Web\CalendarioInstitucional.UI.Web.csproj", "{4BEE320E-5FD8-4BDE-B7F1-7675C35050E3}"
EndProject
Global
	GlobalSection(SolutionConfigurationPlatforms) = preSolution
		Debug|Any CPU = Debug|Any CPU
		Release|Any CPU = Release|Any CPU
	EndGlobalSection
	GlobalSection(ProjectConfigurationPlatforms) = postSolution
		{402808C5-8B7B-4508-9088-FCAEEE5B046C}.Debug|Any CPU.ActiveCfg = Debug|Any CPU
		{402808C5-8B7B-4508-9088-FCAEEE5B046C}.Debug|Any CPU.Build.0 = Debug|Any CPU
		{402808C5-8B7B-4508-9088-FCAEEE5B046C}.Release|Any CPU.ActiveCfg = Release|Any CPU
		{402808C5-8B7B-4508-9088-FCAEEE5B046C}.Release|Any CPU.Build.0 = Release|Any CPU
		{F7C783E6-CC40-4D22-968F-6FC0FA0F6C94}.Debug|Any CPU.ActiveCfg = Debug|Any CPU
		{F7C783E6-CC40-4D22-968F-6FC0FA0F6C94}.Debug|Any CPU.Build.0 = Debug|Any CPU
		{F7C783E6-CC40-4D22-968F-6FC0FA0F6C94}.Release|Any CPU.ActiveCfg = Release|Any CPU
		{F7C783E6-CC40-4D22-968F-6FC0FA0F6C94}.Release|Any CPU.Build.0 = Release|Any CPU
		{D727B170-CB0B-4785-973B-80D6DDD97C48}.Debug|Any CPU.ActiveCfg = Debug|Any CPU
		{D727B170-CB0B-4785-973B-80D6DDD97C48}.Debug|Any CPU.Build.0 = Debug|Any CPU
		{D727B170-CB0B-4785-973B-80D6DDD97C48}.Release|Any CPU.ActiveCfg = Release|Any CPU
		{D727B170-CB0B-4785-973B-80D6DDD97C48}.Release|Any CPU.Build.0 = Release|Any CPU
		{4BEE320E-5FD8-4BDE-B7F1-7675C35050E3}.Debug|Any CPU.ActiveCfg = Debug|Any CPU
		{4BEE320E-5FD8-4BDE-B7F1-7675C35050E3}.Debug|Any CPU.Build.0 = Debug|Any CPU
		{4BEE320E-5FD8-4BDE-B7F1-7675C35050E3}.Release|Any CPU.ActiveCfg = Release|Any CPU
		{4BEE320E-5FD8-4BDE-B7F1-7675C35050E3}.Release|Any CPU.Build.0 = Release|Any CPU
	EndGlobalSection
	GlobalSection(SolutionProperties) = preSolution
		HideSolutionNode = FALSE
	EndGlobalSection
	GlobalSection(NestedProjects) = preSolution
		{402808C5-8B7B-4508-9088-FCAEEE5B046C} = {00F12210-D19A-417B-A37A-FC22BBAAABFA}
		{F7C783E6-CC40-4D22-968F-6FC0FA0F6C94} = {02EA681E-C7D8-13C7-8484-4AC65E1B71E8}
		{D727B170-CB0B-4785-973B-80D6DDD97C48} = {02EA681E-C7D8-13C7-8484-4AC65E1B71E8}
		{4BEE320E-5FD8-4BDE-B7F1-7675C35050E3} = {AF69D353-78ED-434F-845E-09F183FD55FC}
	EndGlobalSection
	GlobalSection(ExtensibilityGlobals) = postSolution
		SolutionGuid = {6FB81483-7E81-4136-B9E9-D131040995DA}
	EndGlobalSection
EndGlobal
